
Microsoft Visual Studio Solution File, Format Version 12.00
# Visual Studio Version 16
VisualStudioVersion = 16.0.30717.126
MinimumVisualStudioVersion = 10.0.40219.1
Project("{FAE04EC0-301F-11D3-BF4B-00C04F79EFBC}") = "ArrayList", "ArrayList\ArrayList.csproj", "{7C3E4EC4-1B6D-4030-A2F2-A18654BC6B71}"
EndProject
Global
	GlobalSection(SolutionConfigurationPlatforms) = preSolution
		Debug|Any CPU = Debug|Any CPU
		Release|Any CPU = Release|Any CPU
	EndGlobalSection
	GlobalSection(ProjectConfigurationPlatforms) = postSolution
		{7C3E4EC4-1B6D-4030-A2F2-A18654BC6B71}.Debug|Any CPU.ActiveCfg = Debug|Any CPU
		{7C3E4EC4-1B6D-4030-A2F2-A18654BC6B71}.Debug|Any CPU.Build.0 = Debug|Any CPU
		{7C3E4EC4-1B6D-4030-A2F2-A18654BC6B71}.Release|Any CPU.ActiveCfg = Release|Any CPU
		{7C3E4EC4-1B6D-4030-A2F2-A18654BC6B71}.Release|Any CPU.Build.0 = Release|Any CPU
	EndGlobalSection
	GlobalSection(SolutionProperties) = preSolution
		HideSolutionNode = FALSE
	EndGlobalSection
	GlobalSection(ExtensibilityGlobals) = postSolution
		SolutionGuid = {EFB5EEE1-4CF3-4D3D-A135-79C0C18F0EDC}
	EndGlobalSection
EndGlobal
