
Microsoft Visual Studio Solution File, Format Version 12.00
# Visual Studio Version 16
VisualStudioVersion = 16.0.30717.126
MinimumVisualStudioVersion = 10.0.40219.1
Project("{FAE04EC0-301F-11D3-BF4B-00C04F79EFBC}") = "ATSDlab2", "ATSDlab2\ATSDlab2.csproj", "{12BA6762-C3C0-4857-9F19-9580432DDAFF}"
EndProject
Global
	GlobalSection(SolutionConfigurationPlatforms) = preSolution
		Debug|Any CPU = Debug|Any CPU
		Release|Any CPU = Release|Any CPU
	EndGlobalSection
	GlobalSection(ProjectConfigurationPlatforms) = postSolution
		{12BA6762-C3C0-4857-9F19-9580432DDAFF}.Debug|Any CPU.ActiveCfg = Debug|Any CPU
		{12BA6762-C3C0-4857-9F19-9580432DDAFF}.Debug|Any CPU.Build.0 = Debug|Any CPU
		{12BA6762-C3C0-4857-9F19-9580432DDAFF}.Release|Any CPU.ActiveCfg = Release|Any CPU
		{12BA6762-C3C0-4857-9F19-9580432DDAFF}.Release|Any CPU.Build.0 = Release|Any CPU
	EndGlobalSection
	GlobalSection(SolutionProperties) = preSolution
		HideSolutionNode = FALSE
	EndGlobalSection
	GlobalSection(ExtensibilityGlobals) = postSolution
		SolutionGuid = {13BAE6A3-7D97-40DE-8EC1-84B64A32AF09}
	EndGlobalSection
EndGlobal
